<?xml version="1.0" encoding="utf-8"?>
<Project ToolsVersion="4.0" xmlns="http://schemas.microsoft.com/developer/msbuild/2003">
  <ItemGroup>
    <Filter Include="소스 파일">
      <UniqueIdentifier>{4FC737F1-C7A5-4376-A066-2A32D752A2FF}</UniqueIdentifier>
      <Extensions>cpp;c;cc;cxx;c++;cppm;ixx;def;odl;idl;hpj;bat;asm;asmx</Extensions>
    </Filter>
    <Filter Include="헤더 파일">
      <UniqueIdentifier>{93995380-89BD-4b04-88EB-625FBE52EBFB}</UniqueIdentifier>
      <Extensions>h;hh;hpp;hxx;h++;hm;inl;inc;ipp;xsd</Extensions>
    </Filter>
    <Filter Include="리소스 파일">
      <UniqueIdentifier>{67DA6AB6-F800-4c08-8B7A-83BB121AAD01}</UniqueIdentifier>
      <Extensions>rc;ico;cur;bmp;dlg;rc2;rct;bin;rgs;gif;jpg;jpeg;jpe;resx;tiff;tif;png;wav;mfcribbon-ms</Extensions>
    </Filter>
  </ItemGroup>
  <ItemGroup>
    <ClInclude Include="framework.h">
      <Filter>헤더 파일</Filter>
    </ClInclude>
    <ClInclude Include="pch.h">
      <Filter>헤더 파일</Filter>
    </ClInclude>
    <ClInclude Include="targetver.h">
      <Filter>헤더 파일</Filter>
    </ClInclude>
    <ClInclude Include="UcThreadTool.h">
      <Filter>헤더 파일</Filter>
    </ClInclude>
    <ClInclude Include="UcTool.h">
      <Filter>헤더 파일</Filter>
    </ClInclude>
    <ClInclude Include="UcBaseTools.h">
      <Filter>헤더 파일</Filter>
    </ClInclude>
    <ClInclude Include="UcJson.h">
      <Filter>헤더 파일</Filter>
    </ClInclude>
    <ClInclude Include="UcBinary.h">
      <Filter>헤더 파일</Filter>
    </ClInclude>
    <ClInclude Include="UcTimeTools.h">
      <Filter>헤더 파일</Filter>
    </ClInclude>
    <ClInclude Include="UcWndInvokable.h">
      <Filter>헤더 파일</Filter>
    </ClInclude>
    <ClInclude Include="UcWindow.h">
      <Filter>헤더 파일</Filter>
    </ClInclude>
    <ClInclude Include="UcHash.h">
      <Filter>헤더 파일</Filter>
    </ClInclude>
    <ClInclude Include="UcNetwork.h">
      <Filter>헤더 파일</Filter>
    </ClInclude>
    <ClInclude Include="UcHttpSvr.h">
      <Filter>헤더 파일</Filter>
    </ClInclude>
    <ClInclude Include="UcDebug.h">
      <Filter>헤더 파일</Filter>
    </ClInclude>
    <ClInclude Include="UcAny14.h">
      <Filter>헤더 파일</Filter>
    </ClInclude>
    <ClInclude Include="UcJXDoc.h">
      <Filter>헤더 파일</Filter>
    </ClInclude>
    <ClInclude Include="UcJXBase.h">
      <Filter>헤더 파일</Filter>
    </ClInclude>
  </ItemGroup>
  <ItemGroup>
    <ClCompile Include="UcTool.cpp">
      <Filter>소스 파일</Filter>
    </ClCompile>
    <ClCompile Include="pch.cpp">
      <Filter>소스 파일</Filter>
    </ClCompile>
    <ClCompile Include="UcThreadTool.cpp">
      <Filter>소스 파일</Filter>
    </ClCompile>
    <ClCompile Include="UcBaseTools.cpp">
      <Filter>소스 파일</Filter>
    </ClCompile>
    <ClCompile Include="UcJson.cpp">
      <Filter>소스 파일</Filter>
    </ClCompile>
    <ClCompile Include="UcBinary.cpp">
      <Filter>소스 파일</Filter>
    </ClCompile>
    <ClCompile Include="UcTimeTools.cpp">
      <Filter>소스 파일</Filter>
    </ClCompile>
    <ClCompile Include="UcWndInvokable.cpp">
      <Filter>소스 파일</Filter>
    </ClCompile>
    <ClCompile Include="UcWindow.cpp">
      <Filter>소스 파일</Filter>
    </ClCompile>
    <ClCompile Include="UcHash.cpp">
      <Filter>소스 파일</Filter>
    </ClCompile>
    <ClCompile Include="UcNetwork.cpp">
      <Filter>소스 파일</Filter>
    </ClCompile>
    <ClCompile Include="UcHttpSvr.cpp">
      <Filter>소스 파일</Filter>
    </ClCompile>
    <ClCompile Include="UcDebug.cpp">
      <Filter>소스 파일</Filter>
    </ClCompile>
    <ClCompile Include="UcJXDoc.cpp">
      <Filter>소스 파일</Filter>
    </ClCompile>
  </ItemGroup>
  <ItemGroup>
    <None Include="UcJHandler.inl">
      <Filter>헤더 파일</Filter>
    </None>
    <None Include="UcJXDeclare.inl">
      <Filter>헤더 파일</Filter>
    </None>
    <None Include="UcExport.inl">
      <Filter>헤더 파일</Filter>
    </None>
    <None Include="UcPragma.inl">
      <Filter>헤더 파일</Filter>
    </None>
  </ItemGroup>
</Project>